// !$*UTF8*$!
{
	archiveVersion = 1;
	classes = {
	};
	objectVersion = 52;
	objects = {

/* Begin PBXBuildFile section */
		B351C33126CEC74B007DABB5 /* SDWebImage in Frameworks */ = {isa = PBXBuildFile; productRef = B351C33026CEC74B007DABB5 /* SDWebImage */; };
		B351C33426CECC6B007DABB5 /* UICollectionView+Extension.swift in Sources */ = {isa = PBXBuildFile; fileRef = B351C33326CECC6B007DABB5 /* UICollectionView+Extension.swift */; };
		B351C33726CECCB2007DABB5 /* UICollectionViewCell+Extension.swift in Sources */ = {isa = PBXBuildFile; fileRef = B351C33626CECCB2007DABB5 /* UICollectionViewCell+Extension.swift */; };
		B351C33A26CEE995007DABB5 /* MovieDetailViewController.swift in Sources */ = {isa = PBXBuildFile; fileRef = B351C33926CEE995007DABB5 /* MovieDetailViewController.swift */; };
		B351C33D26CEEBC4007DABB5 /* MovieDetailViewModel.swift in Sources */ = {isa = PBXBuildFile; fileRef = B351C33C26CEEBC4007DABB5 /* MovieDetailViewModel.swift */; };
		B351C34026CEED7F007DABB5 /* MovieDetail.swift in Sources */ = {isa = PBXBuildFile; fileRef = B351C33F26CEED7F007DABB5 /* MovieDetail.swift */; };
		B36A1AD226CD7A2D00BF8796 /* Movie.swift in Sources */ = {isa = PBXBuildFile; fileRef = B36A1AD126CD7A2D00BF8796 /* Movie.swift */; };
		B36A1AD926CD7C3A00BF8796 /* Decodable+Extension.swift in Sources */ = {isa = PBXBuildFile; fileRef = B36A1AD826CD7C3A00BF8796 /* Decodable+Extension.swift */; };
		B36A1ADD26CD7C8600BF8796 /* URLRequest+Extension.swift in Sources */ = {isa = PBXBuildFile; fileRef = B36A1ADC26CD7C8600BF8796 /* URLRequest+Extension.swift */; };
		B36A1AE326CDB9E900BF8796 /* MovieCollectionViewCell.swift in Sources */ = {isa = PBXBuildFile; fileRef = B36A1AE126CDB9E900BF8796 /* MovieCollectionViewCell.swift */; };
		B36A1AE426CDB9E900BF8796 /* MovieCollectionViewCell.xib in Resources */ = {isa = PBXBuildFile; fileRef = B36A1AE226CDB9E900BF8796 /* MovieCollectionViewCell.xib */; };
		B3EA511026CC4EE400148D34 /* AppDelegate.swift in Sources */ = {isa = PBXBuildFile; fileRef = B3EA510F26CC4EE400148D34 /* AppDelegate.swift */; };
		B3EA511226CC4EE400148D34 /* SceneDelegate.swift in Sources */ = {isa = PBXBuildFile; fileRef = B3EA511126CC4EE400148D34 /* SceneDelegate.swift */; };
		B3EA511426CC4EE400148D34 /* MovieViewController.swift in Sources */ = {isa = PBXBuildFile; fileRef = B3EA511326CC4EE400148D34 /* MovieViewController.swift */; };
		B3EA511726CC4EE400148D34 /* Main.storyboard in Resources */ = {isa = PBXBuildFile; fileRef = B3EA511526CC4EE400148D34 /* Main.storyboard */; };
		B3EA511A26CC4EE400148D34 /* movieApp.xcdatamodeld in Sources */ = {isa = PBXBuildFile; fileRef = B3EA511826CC4EE400148D34 /* movieApp.xcdatamodeld */; };
		B3EA511C26CC4EE500148D34 /* Assets.xcassets in Resources */ = {isa = PBXBuildFile; fileRef = B3EA511B26CC4EE500148D34 /* Assets.xcassets */; };
		B3EA511F26CC4EE500148D34 /* LaunchScreen.storyboard in Resources */ = {isa = PBXBuildFile; fileRef = B3EA511D26CC4EE500148D34 /* LaunchScreen.storyboard */; };
		B3EA512926CC537400148D34 /* NetworkManager.swift in Sources */ = {isa = PBXBuildFile; fileRef = B3EA512826CC537400148D34 /* NetworkManager.swift */; };
		B3EA512F26CC540900148D34 /* MovieViewModel.swift in Sources */ = {isa = PBXBuildFile; fileRef = B3EA512E26CC540900148D34 /* MovieViewModel.swift */; };
		B3EA513426CC553400148D34 /* BaseViewModel.swift in Sources */ = {isa = PBXBuildFile; fileRef = B3EA513326CC553400148D34 /* BaseViewModel.swift */; };
/* End PBXBuildFile section */

/* Begin PBXFileReference section */
		B351C33326CECC6B007DABB5 /* UICollectionView+Extension.swift */ = {isa = PBXFileReference; lastKnownFileType = sourcecode.swift; path = "UICollectionView+Extension.swift"; sourceTree = "<group>"; };
		B351C33626CECCB2007DABB5 /* UICollectionViewCell+Extension.swift */ = {isa = PBXFileReference; lastKnownFileType = sourcecode.swift; path = "UICollectionViewCell+Extension.swift"; sourceTree = "<group>"; };
		B351C33926CEE995007DABB5 /* MovieDetailViewController.swift */ = {isa = PBXFileReference; lastKnownFileType = sourcecode.swift; path = MovieDetailViewController.swift; sourceTree = "<group>"; };
		B351C33C26CEEBC4007DABB5 /* MovieDetailViewModel.swift */ = {isa = PBXFileReference; lastKnownFileType = sourcecode.swift; path = MovieDetailViewModel.swift; sourceTree = "<group>"; };
		B351C33F26CEED7F007DABB5 /* MovieDetail.swift */ = {isa = PBXFileReference; lastKnownFileType = sourcecode.swift; path = MovieDetail.swift; sourceTree = "<group>"; };
		B36A1AD126CD7A2D00BF8796 /* Movie.swift */ = {isa = PBXFileReference; lastKnownFileType = sourcecode.swift; path = Movie.swift; sourceTree = "<group>"; };
		B36A1AD826CD7C3A00BF8796 /* Decodable+Extension.swift */ = {isa = PBXFileReference; lastKnownFileType = sourcecode.swift; path = "Decodable+Extension.swift"; sourceTree = "<group>"; };
		B36A1ADC26CD7C8600BF8796 /* URLRequest+Extension.swift */ = {isa = PBXFileReference; lastKnownFileType = sourcecode.swift; path = "URLRequest+Extension.swift"; sourceTree = "<group>"; };
		B36A1AE126CDB9E900BF8796 /* MovieCollectionViewCell.swift */ = {isa = PBXFileReference; lastKnownFileType = sourcecode.swift; path = MovieCollectionViewCell.swift; sourceTree = "<group>"; };
		B36A1AE226CDB9E900BF8796 /* MovieCollectionViewCell.xib */ = {isa = PBXFileReference; lastKnownFileType = file.xib; path = MovieCollectionViewCell.xib; sourceTree = "<group>"; };
		B3EA510C26CC4EE400148D34 /* movieApp.app */ = {isa = PBXFileReference; explicitFileType = wrapper.application; includeInIndex = 0; path = movieApp.app; sourceTree = BUILT_PRODUCTS_DIR; };
		B3EA510F26CC4EE400148D34 /* AppDelegate.swift */ = {isa = PBXFileReference; lastKnownFileType = sourcecode.swift; path = AppDelegate.swift; sourceTree = "<group>"; };
		B3EA511126CC4EE400148D34 /* SceneDelegate.swift */ = {isa = PBXFileReference; lastKnownFileType = sourcecode.swift; path = SceneDelegate.swift; sourceTree = "<group>"; };
		B3EA511326CC4EE400148D34 /* MovieViewController.swift */ = {isa = PBXFileReference; lastKnownFileType = sourcecode.swift; path = MovieViewController.swift; sourceTree = "<group>"; };
		B3EA511626CC4EE400148D34 /* Base */ = {isa = PBXFileReference; lastKnownFileType = file.storyboard; name = Base; path = Base.lproj/Main.storyboard; sourceTree = "<group>"; };
		B3EA511926CC4EE400148D34 /* movieApp.xcdatamodel */ = {isa = PBXFileReference; lastKnownFileType = wrapper.xcdatamodel; path = movieApp.xcdatamodel; sourceTree = "<group>"; };
		B3EA511B26CC4EE500148D34 /* Assets.xcassets */ = {isa = PBXFileReference; lastKnownFileType = folder.assetcatalog; path = Assets.xcassets; sourceTree = "<group>"; };
		B3EA511E26CC4EE500148D34 /* Base */ = {isa = PBXFileReference; lastKnownFileType = file.storyboard; name = Base; path = Base.lproj/LaunchScreen.storyboard; sourceTree = "<group>"; };
		B3EA512026CC4EE500148D34 /* Info.plist */ = {isa = PBXFileReference; lastKnownFileType = text.plist.xml; path = Info.plist; sourceTree = "<group>"; };
		B3EA512826CC537400148D34 /* NetworkManager.swift */ = {isa = PBXFileReference; lastKnownFileType = sourcecode.swift; path = NetworkManager.swift; sourceTree = "<group>"; };
		B3EA512E26CC540900148D34 /* MovieViewModel.swift */ = {isa = PBXFileReference; lastKnownFileType = sourcecode.swift; path = MovieViewModel.swift; sourceTree = "<group>"; };
		B3EA513326CC553400148D34 /* BaseViewModel.swift */ = {isa = PBXFileReference; lastKnownFileType = sourcecode.swift; path = BaseViewModel.swift; sourceTree = "<group>"; };
/* End PBXFileReference section */

/* Begin PBXFrameworksBuildPhase section */
		B3EA510926CC4EE400148D34 /* Frameworks */ = {
			isa = PBXFrameworksBuildPhase;
			buildActionMask = 2147483647;
			files = (
				B351C33126CEC74B007DABB5 /* SDWebImage in Frameworks */,
			);
			runOnlyForDeploymentPostprocessing = 0;
		};
/* End PBXFrameworksBuildPhase section */

/* Begin PBXGroup section */
		B36A1AD026CD7A2000BF8796 /* Models */ = {
			isa = PBXGroup;
			children = (
				B36A1AD126CD7A2D00BF8796 /* Movie.swift */,
				B351C33F26CEED7F007DABB5 /* MovieDetail.swift */,
			);
			path = Models;
			sourceTree = "<group>";
		};
		B36A1AD526CD7B5000BF8796 /* ViewControllers */ = {
			isa = PBXGroup;
			children = (
				B3EA511326CC4EE400148D34 /* MovieViewController.swift */,
				B351C33926CEE995007DABB5 /* MovieDetailViewController.swift */,
			);
			path = ViewControllers;
			sourceTree = "<group>";
		};
		B36A1AD726CD7C0F00BF8796 /* Extensions */ = {
			isa = PBXGroup;
			children = (
				B36A1AD826CD7C3A00BF8796 /* Decodable+Extension.swift */,
				B36A1ADC26CD7C8600BF8796 /* URLRequest+Extension.swift */,
				B351C33326CECC6B007DABB5 /* UICollectionView+Extension.swift */,
				B351C33626CECCB2007DABB5 /* UICollectionViewCell+Extension.swift */,
			);
			path = Extensions;
			sourceTree = "<group>";
		};
		B36A1ADF26CDB99300BF8796 /* Cells */ = {
			isa = PBXGroup;
			children = (
				B36A1AE026CDB99900BF8796 /* MovieCollectionViewCell */,
			);
			path = Cells;
			sourceTree = "<group>";
		};
		B36A1AE026CDB99900BF8796 /* MovieCollectionViewCell */ = {
			isa = PBXGroup;
			children = (
				B36A1AE126CDB9E900BF8796 /* MovieCollectionViewCell.swift */,
				B36A1AE226CDB9E900BF8796 /* MovieCollectionViewCell.xib */,
			);
			path = MovieCollectionViewCell;
			sourceTree = "<group>";
		};
		B3EA510326CC4EE400148D34 = {
			isa = PBXGroup;
			children = (
				B3EA510E26CC4EE400148D34 /* movieApp */,
				B3EA510D26CC4EE400148D34 /* Products */,
			);
			sourceTree = "<group>";
		};
		B3EA510D26CC4EE400148D34 /* Products */ = {
			isa = PBXGroup;
			children = (
				B3EA510C26CC4EE400148D34 /* movieApp.app */,
			);
			name = Products;
			sourceTree = "<group>";
		};
		B3EA510E26CC4EE400148D34 /* movieApp */ = {
			isa = PBXGroup;
			children = (
				B36A1ADF26CDB99300BF8796 /* Cells */,
				B36A1AD726CD7C0F00BF8796 /* Extensions */,
				B36A1AD526CD7B5000BF8796 /* ViewControllers */,
				B36A1AD026CD7A2000BF8796 /* Models */,
				B3EA513226CC552400148D34 /* Base */,
				B3EA512D26CC53D200148D34 /* ViewModels */,
				B3EA512726CC534900148D34 /* Managers */,
				B3EA510F26CC4EE400148D34 /* AppDelegate.swift */,
				B3EA511126CC4EE400148D34 /* SceneDelegate.swift */,
				B3EA511526CC4EE400148D34 /* Main.storyboard */,
				B3EA511B26CC4EE500148D34 /* Assets.xcassets */,
				B3EA511D26CC4EE500148D34 /* LaunchScreen.storyboard */,
				B3EA512026CC4EE500148D34 /* Info.plist */,
				B3EA511826CC4EE400148D34 /* movieApp.xcdatamodeld */,
			);
			path = movieApp;
			sourceTree = "<group>";
		};
		B3EA512726CC534900148D34 /* Managers */ = {
			isa = PBXGroup;
			children = (
				B3EA512826CC537400148D34 /* NetworkManager.swift */,
			);
			path = Managers;
			sourceTree = "<group>";
		};
		B3EA512D26CC53D200148D34 /* ViewModels */ = {
			isa = PBXGroup;
			children = (
				B3EA512E26CC540900148D34 /* MovieViewModel.swift */,
				B351C33C26CEEBC4007DABB5 /* MovieDetailViewModel.swift */,
			);
			path = ViewModels;
			sourceTree = "<group>";
		};
		B3EA513226CC552400148D34 /* Base */ = {
			isa = PBXGroup;
			children = (
				B3EA513326CC553400148D34 /* BaseViewModel.swift */,
			);
			path = Base;
			sourceTree = "<group>";
		};
/* End PBXGroup section */

/* Begin PBXNativeTarget section */
		B3EA510B26CC4EE400148D34 /* movieApp */ = {
			isa = PBXNativeTarget;
			buildConfigurationList = B3EA512326CC4EE500148D34 /* Build configuration list for PBXNativeTarget "movieApp" */;
			buildPhases = (
				B3EA510826CC4EE400148D34 /* Sources */,
				B3EA510926CC4EE400148D34 /* Frameworks */,
				B3EA510A26CC4EE400148D34 /* Resources */,
			);
			buildRules = (
			);
			dependencies = (
			);
			name = movieApp;
			packageProductDependencies = (
				B351C33026CEC74B007DABB5 /* SDWebImage */,
			);
			productName = movieApp;
			productReference = B3EA510C26CC4EE400148D34 /* movieApp.app */;
			productType = "com.apple.product-type.application";
		};
/* End PBXNativeTarget section */

/* Begin PBXProject section */
		B3EA510426CC4EE400148D34 /* Project object */ = {
			isa = PBXProject;
			attributes = {
				LastSwiftUpdateCheck = 1220;
				LastUpgradeCheck = 1220;
				TargetAttributes = {
					B3EA510B26CC4EE400148D34 = {
						CreatedOnToolsVersion = 12.2;
					};
				};
			};
			buildConfigurationList = B3EA510726CC4EE400148D34 /* Build configuration list for PBXProject "movieApp" */;
			compatibilityVersion = "Xcode 9.3";
			developmentRegion = en;
			hasScannedForEncodings = 0;
			knownRegions = (
				en,
				Base,
			);
			mainGroup = B3EA510326CC4EE400148D34;
			packageReferences = (
				B351C32F26CEC74B007DABB5 /* XCRemoteSwiftPackageReference "SDWebImage" */,
			);
			productRefGroup = B3EA510D26CC4EE400148D34 /* Products */;
			projectDirPath = "";
			projectRoot = "";
			targets = (
				B3EA510B26CC4EE400148D34 /* movieApp */,
			);
		};
/* End PBXProject section */

/* Begin PBXResourcesBuildPhase section */
		B3EA510A26CC4EE400148D34 /* Resources */ = {
			isa = PBXResourcesBuildPhase;
			buildActionMask = 2147483647;
			files = (
				B3EA511F26CC4EE500148D34 /* LaunchScreen.storyboard in Resources */,
				B3EA511C26CC4EE500148D34 /* Assets.xcassets in Resources */,
				B3EA511726CC4EE400148D34 /* Main.storyboard in Resources */,
				B36A1AE426CDB9E900BF8796 /* MovieCollectionViewCell.xib in Resources */,
			);
			runOnlyForDeploymentPostprocessing = 0;
		};
/* End PBXResourcesBuildPhase section */

/* Begin PBXSourcesBuildPhase section */
		B3EA510826CC4EE400148D34 /* Sources */ = {
			isa = PBXSourcesBuildPhase;
			buildActionMask = 2147483647;
			files = (
				B351C33426CECC6B007DABB5 /* UICollectionView+Extension.swift in Sources */,
				B351C33726CECCB2007DABB5 /* UICollectionViewCell+Extension.swift in Sources */,
				B3EA511426CC4EE400148D34 /* MovieViewController.swift in Sources */,
				B3EA511026CC4EE400148D34 /* AppDelegate.swift in Sources */,
				B351C33A26CEE995007DABB5 /* MovieDetailViewController.swift in Sources */,
				B3EA512926CC537400148D34 /* NetworkManager.swift in Sources */,
				B3EA513426CC553400148D34 /* BaseViewModel.swift in Sources */,
				B3EA511A26CC4EE400148D34 /* movieApp.xcdatamodeld in Sources */,
				B36A1ADD26CD7C8600BF8796 /* URLRequest+Extension.swift in Sources */,
				B3EA511226CC4EE400148D34 /* SceneDelegate.swift in Sources */,
				B36A1AD226CD7A2D00BF8796 /* Movie.swift in Sources */,
				B351C33D26CEEBC4007DABB5 /* MovieDetailViewModel.swift in Sources */,
				B36A1AE326CDB9E900BF8796 /* MovieCollectionViewCell.swift in Sources */,
				B36A1AD926CD7C3A00BF8796 /* Decodable+Extension.swift in Sources */,
				B3EA512F26CC540900148D34 /* MovieViewModel.swift in Sources */,
				B351C34026CEED7F007DABB5 /* MovieDetail.swift in Sources */,
			);
			runOnlyForDeploymentPostprocessing = 0;
		};
/* End PBXSourcesBuildPhase section */

/* Begin PBXVariantGroup section */
		B3EA511526CC4EE400148D34 /* Main.storyboard */ = {
			isa = PBXVariantGroup;
			children = (
				B3EA511626CC4EE400148D34 /* Base */,
			);
			name = Main.storyboard;
			sourceTree = "<group>";
		};
		B3EA511D26CC4EE500148D34 /* LaunchScreen.storyboard */ = {
			isa = PBXVariantGroup;
			children = (
				B3EA511E26CC4EE500148D34 /* Base */,
			);
			name = LaunchScreen.storyboard;
			sourceTree = "<group>";
		};
/* End PBXVariantGroup section */

/* Begin XCBuildConfiguration section */
		B3EA512126CC4EE500148D34 /* Debug */ = {
			isa = XCBuildConfiguration;
			buildSettings = {
				ALWAYS_SEARCH_USER_PATHS = NO;
				CLANG_ANALYZER_NONNULL = YES;
				CLANG_ANALYZER_NUMBER_OBJECT_CONVERSION = YES_AGGRESSIVE;
				CLANG_CXX_LANGUAGE_STANDARD = "gnu++14";
				CLANG_CXX_LIBRARY = "libc++";
				CLANG_ENABLE_MODULES = YES;
				CLANG_ENABLE_OBJC_ARC = YES;
				CLANG_ENABLE_OBJC_WEAK = YES;
				CLANG_WARN_BLOCK_CAPTURE_AUTORELEASING = YES;
				CLANG_WARN_BOOL_CONVERSION = YES;
				CLANG_WARN_COMMA = YES;
				CLANG_WARN_CONSTANT_CONVERSION = YES;
				CLANG_WARN_DEPRECATED_OBJC_IMPLEMENTATIONS = YES;
				CLANG_WARN_DIRECT_OBJC_ISA_USAGE = YES_ERROR;
				CLANG_WARN_DOCUMENTATION_COMMENTS = YES;
				CLANG_WARN_EMPTY_BODY = YES;
				CLANG_WARN_ENUM_CONVERSION = YES;
				CLANG_WARN_INFINITE_RECURSION = YES;
				CLANG_WARN_INT_CONVERSION = YES;
				CLANG_WARN_NON_LITERAL_NULL_CONVERSION = YES;
				CLANG_WARN_OBJC_IMPLICIT_RETAIN_SELF = YES;
				CLANG_WARN_OBJC_LITERAL_CONVERSION = YES;
				CLANG_WARN_OBJC_ROOT_CLASS = YES_ERROR;
				CLANG_WARN_QUOTED_INCLUDE_IN_FRAMEWORK_HEADER = YES;
				CLANG_WARN_RANGE_LOOP_ANALYSIS = YES;
				CLANG_WARN_STRICT_PROTOTYPES = YES;
				CLANG_WARN_SUSPICIOUS_MOVE = YES;
				CLANG_WARN_UNGUARDED_AVAILABILITY = YES_AGGRESSIVE;
				CLANG_WARN_UNREACHABLE_CODE = YES;
				CLANG_WARN__DUPLICATE_METHOD_MATCH = YES;
				COPY_PHASE_STRIP = NO;
				DEBUG_INFORMATION_FORMAT = dwarf;
				ENABLE_STRICT_OBJC_MSGSEND = YES;
				ENABLE_TESTABILITY = YES;
				GCC_C_LANGUAGE_STANDARD = gnu11;
				GCC_DYNAMIC_NO_PIC = NO;
				GCC_NO_COMMON_BLOCKS = YES;
				GCC_OPTIMIZATION_LEVEL = 0;
				GCC_PREPROCESSOR_DEFINITIONS = (
					"DEBUG=1",
					"$(inherited)",
				);
				GCC_WARN_64_TO_32_BIT_CONVERSION = YES;
				GCC_WARN_ABOUT_RETURN_TYPE = YES_ERROR;
				GCC_WARN_UNDECLARED_SELECTOR = YES;
				GCC_WARN_UNINITIALIZED_AUTOS = YES_AGGRESSIVE;
				GCC_WARN_UNUSED_FUNCTION = YES;
				GCC_WARN_UNUSED_VARIABLE = YES;
				IPHONEOS_DEPLOYMENT_TARGET = 14.2;
				MTL_ENABLE_DEBUG_INFO = INCLUDE_SOURCE;
				MTL_FAST_MATH = YES;
				ONLY_ACTIVE_ARCH = YES;
				SDKROOT = iphoneos;
				SWIFT_ACTIVE_COMPILATION_CONDITIONS = DEBUG;
				SWIFT_OPTIMIZATION_LEVEL = "-Onone";
			};
			name = Debug;
		};
		B3EA512226CC4EE500148D34 /* Release */ = {
			isa = XCBuildConfiguration;
			buildSettings = {
				ALWAYS_SEARCH_USER_PATHS = NO;
				CLANG_ANALYZER_NONNULL = YES;
				CLANG_ANALYZER_NUMBER_OBJECT_CONVERSION = YES_AGGRESSIVE;
				CLANG_CXX_LANGUAGE_STANDARD = "gnu++14";
				CLANG_CXX_LIBRARY = "libc++";
				CLANG_ENABLE_MODULES = YES;
				CLANG_ENABLE_OBJC_ARC = YES;
				CLANG_ENABLE_OBJC_WEAK = YES;
				CLANG_WARN_BLOCK_CAPTURE_AUTORELEASING = YES;
				CLANG_WARN_BOOL_CONVERSION = YES;
				CLANG_WARN_COMMA = YES;
				CLANG_WARN_CONSTANT_CONVERSION = YES;
				CLANG_WARN_DEPRECATED_OBJC_IMPLEMENTATIONS = YES;
				CLANG_WARN_DIRECT_OBJC_ISA_USAGE = YES_ERROR;
				CLANG_WARN_DOCUMENTATION_COMMENTS = YES;
				CLANG_WARN_EMPTY_BODY = YES;
				CLANG_WARN_ENUM_CONVERSION = YES;
				CLANG_WARN_INFINITE_RECURSION = YES;
				CLANG_WARN_INT_CONVERSION = YES;
				CLANG_WARN_NON_LITERAL_NULL_CONVERSION = YES;
				CLANG_WARN_OBJC_IMPLICIT_RETAIN_SELF = YES;
				CLANG_WARN_OBJC_LITERAL_CONVERSION = YES;
				CLANG_WARN_OBJC_ROOT_CLASS = YES_ERROR;
				CLANG_WARN_QUOTED_INCLUDE_IN_FRAMEWORK_HEADER = YES;
				CLANG_WARN_RANGE_LOOP_ANALYSIS = YES;
				CLANG_WARN_STRICT_PROTOTYPES = YES;
				CLANG_WARN_SUSPICIOUS_MOVE = YES;
				CLANG_WARN_UNGUARDED_AVAILABILITY = YES_AGGRESSIVE;
				CLANG_WARN_UNREACHABLE_CODE = YES;
				CLANG_WARN__DUPLICATE_METHOD_MATCH = YES;
				COPY_PHASE_STRIP = NO;
				DEBUG_INFORMATION_FORMAT = "dwarf-with-dsym";
				ENABLE_NS_ASSERTIONS = NO;
				ENABLE_STRICT_OBJC_MSGSEND = YES;
				GCC_C_LANGUAGE_STANDARD = gnu11;
				GCC_NO_COMMON_BLOCKS = YES;
				GCC_WARN_64_TO_32_BIT_CONVERSION = YES;
				GCC_WARN_ABOUT_RETURN_TYPE = YES_ERROR;
				GCC_WARN_UNDECLARED_SELECTOR = YES;
				GCC_WARN_UNINITIALIZED_AUTOS = YES_AGGRESSIVE;
				GCC_WARN_UNUSED_FUNCTION = YES;
				GCC_WARN_UNUSED_VARIABLE = YES;
				IPHONEOS_DEPLOYMENT_TARGET = 14.2;
				MTL_ENABLE_DEBUG_INFO = NO;
				MTL_FAST_MATH = YES;
				SDKROOT = iphoneos;
				SWIFT_COMPILATION_MODE = wholemodule;
				SWIFT_OPTIMIZATION_LEVEL = "-O";
				VALIDATE_PRODUCT = YES;
			};
			name = Release;
		};
		B3EA512426CC4EE500148D34 /* Debug */ = {
			isa = XCBuildConfiguration;
			buildSettings = {
				ASSETCATALOG_COMPILER_APPICON_NAME = AppIcon;
				ASSETCATALOG_COMPILER_GLOBAL_ACCENT_COLOR_NAME = AccentColor;
				CODE_SIGN_STYLE = Automatic;
				DEVELOPMENT_TEAM = 4989YHW6GW;
				INFOPLIST_FILE = movieApp/Info.plist;
				LD_RUNPATH_SEARCH_PATHS = (
					"$(inherited)",
					"@executable_path/Frameworks",
				);
				PRODUCT_BUNDLE_IDENTIFIER = ridvan.movieApp;
				PRODUCT_NAME = "$(TARGET_NAME)";
				SWIFT_VERSION = 5.0;
				TARGETED_DEVICE_FAMILY = "1,2";
			};
			name = Debug;
		};
		B3EA512526CC4EE500148D34 /* Release */ = {
			isa = XCBuildConfiguration;
			buildSettings = {
				ASSETCATALOG_COMPILER_APPICON_NAME = AppIcon;
				ASSETCATALOG_COMPILER_GLOBAL_ACCENT_COLOR_NAME = AccentColor;
				CODE_SIGN_STYLE = Automatic;
				DEVELOPMENT_TEAM = 4989YHW6GW;
				INFOPLIST_FILE = movieApp/Info.plist;
				LD_RUNPATH_SEARCH_PATHS = (
					"$(inherited)",
					"@executable_path/Frameworks",
				);
				PRODUCT_BUNDLE_IDENTIFIER = ridvan.movieApp;
				PRODUCT_NAME = "$(TARGET_NAME)";
				SWIFT_VERSION = 5.0;
				TARGETED_DEVICE_FAMILY = "1,2";
			};
			name = Release;
		};
/* End XCBuildConfiguration section */

/* Begin XCConfigurationList section */
		B3EA510726CC4EE400148D34 /* Build configuration list for PBXProject "movieApp" */ = {
			isa = XCConfigurationList;
			buildConfigurations = (
				B3EA512126CC4EE500148D34 /* Debug */,
				B3EA512226CC4EE500148D34 /* Release */,
			);
			defaultConfigurationIsVisible = 0;
			defaultConfigurationName = Release;
		};
		B3EA512326CC4EE500148D34 /* Build configuration list for PBXNativeTarget "movieApp" */ = {
			isa = XCConfigurationList;
			buildConfigurations = (
				B3EA512426CC4EE500148D34 /* Debug */,
				B3EA512526CC4EE500148D34 /* Release */,
			);
			defaultConfigurationIsVisible = 0;
			defaultConfigurationName = Release;
		};
/* End XCConfigurationList section */

/* Begin XCRemoteSwiftPackageReference section */
		B351C32F26CEC74B007DABB5 /* XCRemoteSwiftPackageReference "SDWebImage" */ = {
			isa = XCRemoteSwiftPackageReference;
			repositoryURL = "https://github.com/SDWebImage/SDWebImage.git";
			requirement = {
				kind = upToNextMajorVersion;
				minimumVersion = 5.11.1;
			};
		};
/* End XCRemoteSwiftPackageReference section */

/* Begin XCSwiftPackageProductDependency section */
		B351C33026CEC74B007DABB5 /* SDWebImage */ = {
			isa = XCSwiftPackageProductDependency;
			package = B351C32F26CEC74B007DABB5 /* XCRemoteSwiftPackageReference "SDWebImage" */;
			productName = SDWebImage;
		};
/* End XCSwiftPackageProductDependency section */

/* Begin XCVersionGroup section */
		B3EA511826CC4EE400148D34 /* movieApp.xcdatamodeld */ = {
			isa = XCVersionGroup;
			children = (
				B3EA511926CC4EE400148D34 /* movieApp.xcdatamodel */,
			);
			currentVersion = B3EA511926CC4EE400148D34 /* movieApp.xcdatamodel */;
			path = movieApp.xcdatamodeld;
			sourceTree = "<group>";
			versionGroupType = wrapper.xcdatamodel;
		};
/* End XCVersionGroup section */
	};
	rootObject = B3EA510426CC4EE400148D34 /* Project object */;
}
